{
  "name": "Mixmate",
  "lockfileVersion": 3,
  "requires": true,
  "packages": {
    "": {
      "dependencies": {
        "@fontsource/dela-gothic-one": "^5.0.17"
      }
    },
    "node_modules/@fontsource/dela-gothic-one": {
      "version": "5.0.17",
      "resolved": "https://registry.npmjs.org/@fontsource/dela-gothic-one/-/dela-gothic-one-5.0.17.tgz",
      "integrity": "sha512-3sjJ0bqgYr6YwoYo5LgKBj2iHMcf6BNeOtwZdjJNB20Z39oHG+NRSiaxATtluy3a0wOGvnQq2rnYWxrLfBY25g=="
    }
  }
}
